
Microsoft Visual Studio Solution File, Format Version 12.00
# Visual Studio Version 16
VisualStudioVersion = 16.0.30128.36
MinimumVisualStudioVersion = 10.0.40219.1
Project("{9A19103F-16F7-4668-BE54-9A1E7A4F7556}") = "LemonUI.SHVDN3", "LemonUI.SHVDN3\LemonUI.SHVDN3.csproj", "{1FBC569D-7CD5-4F5C-8EB1-4FE1B6FF2B01}"
EndProject
Project("{9A19103F-16F7-4668-BE54-9A1E7A4F7556}") = "LemonUI.FiveM", "LemonUI.FiveM\LemonUI.FiveM.csproj", "{7BECDA26-5F85-41C3-BA63-6101BADE057F}"
EndProject
Project("{9A19103F-16F7-4668-BE54-9A1E7A4F7556}") = "LemonUI.SHVDN2", "LemonUI.SHVDN2\LemonUI.SHVDN2.csproj", "{B615FF57-A367-4748-8326-66FCBBC48DC0}"
EndProject
Project("{9A19103F-16F7-4668-BE54-9A1E7A4F7556}") = "LemonUI.Example.FiveM", "LemonUI.Example.FiveM\LemonUI.Example.FiveM.csproj", "{ED1F97F7-8EFB-4848-8E14-0B15E2955C19}"
EndProject
Project("{9A19103F-16F7-4668-BE54-9A1E7A4F7556}") = "LemonUI.Example.SHVDN2", "LemonUI.Example.SHVDN2\LemonUI.Example.SHVDN2.csproj", "{91AE02C3-38A8-4F73-B806-AC5B90200E56}"
EndProject
Project("{9A19103F-16F7-4668-BE54-9A1E7A4F7556}") = "LemonUI.Example.SHVDN3", "LemonUI.Example.SHVDN3\LemonUI.Example.SHVDN3.csproj", "{8B7B93BE-1B47-41DE-810E-55EBBF55BDD5}"
EndProject
Project("{9A19103F-16F7-4668-BE54-9A1E7A4F7556}") = "LemonUI.RagePluginHook", "LemonUI.RagePluginHook\LemonUI.RagePluginHook.csproj", "{486A05C4-8AE6-4DC1-B0B3-7B0D2E4792D5}"
EndProject
Project("{9A19103F-16F7-4668-BE54-9A1E7A4F7556}") = "LemonUI.Example.RagePluginHook", "LemonUI.Example.RagePluginHook\LemonUI.Example.RagePluginHook.csproj", "{22EEE918-44DF-4B24-A6AD-204051D2B97F}"
EndProject
Project("{8BC9CEB8-8B4A-11D0-8D11-00A0C91BC942}") = "LemonUI.SHV", "LemonUI.SHV\LemonUI.SHV.vcxproj", "{094037E8-3B14-45C0-B03C-A0C591B2F3AF}"
EndProject
Global
	GlobalSection(SolutionConfigurationPlatforms) = preSolution
		Debug|Any CPU = Debug|Any CPU
		Release|Any CPU = Release|Any CPU
	EndGlobalSection
	GlobalSection(ProjectConfigurationPlatforms) = postSolution
		{1FBC569D-7CD5-4F5C-8EB1-4FE1B6FF2B01}.Debug|Any CPU.ActiveCfg = Debug|Any CPU
		{1FBC569D-7CD5-4F5C-8EB1-4FE1B6FF2B01}.Debug|Any CPU.Build.0 = Debug|Any CPU
		{1FBC569D-7CD5-4F5C-8EB1-4FE1B6FF2B01}.Release|Any CPU.ActiveCfg = Release|Any CPU
		{1FBC569D-7CD5-4F5C-8EB1-4FE1B6FF2B01}.Release|Any CPU.Build.0 = Release|Any CPU
		{7BECDA26-5F85-41C3-BA63-6101BADE057F}.Debug|Any CPU.ActiveCfg = Debug|Any CPU
		{7BECDA26-5F85-41C3-BA63-6101BADE057F}.Debug|Any CPU.Build.0 = Debug|Any CPU
		{7BECDA26-5F85-41C3-BA63-6101BADE057F}.Release|Any CPU.ActiveCfg = Release|Any CPU
		{7BECDA26-5F85-41C3-BA63-6101BADE057F}.Release|Any CPU.Build.0 = Release|Any CPU
		{B615FF57-A367-4748-8326-66FCBBC48DC0}.Debug|Any CPU.ActiveCfg = Debug|Any CPU
		{B615FF57-A367-4748-8326-66FCBBC48DC0}.Debug|Any CPU.Build.0 = Debug|Any CPU
		{B615FF57-A367-4748-8326-66FCBBC48DC0}.Release|Any CPU.ActiveCfg = Release|Any CPU
		{B615FF57-A367-4748-8326-66FCBBC48DC0}.Release|Any CPU.Build.0 = Release|Any CPU
		{ED1F97F7-8EFB-4848-8E14-0B15E2955C19}.Debug|Any CPU.ActiveCfg = Debug|Any CPU
		{ED1F97F7-8EFB-4848-8E14-0B15E2955C19}.Debug|Any CPU.Build.0 = Debug|Any CPU
		{ED1F97F7-8EFB-4848-8E14-0B15E2955C19}.Release|Any CPU.ActiveCfg = Release|Any CPU
		{ED1F97F7-8EFB-4848-8E14-0B15E2955C19}.Release|Any CPU.Build.0 = Release|Any CPU
		{91AE02C3-38A8-4F73-B806-AC5B90200E56}.Debug|Any CPU.ActiveCfg = Debug|Any CPU
		{91AE02C3-38A8-4F73-B806-AC5B90200E56}.Debug|Any CPU.Build.0 = Debug|Any CPU
		{91AE02C3-38A8-4F73-B806-AC5B90200E56}.Release|Any CPU.ActiveCfg = Release|Any CPU
		{91AE02C3-38A8-4F73-B806-AC5B90200E56}.Release|Any CPU.Build.0 = Release|Any CPU
		{8B7B93BE-1B47-41DE-810E-55EBBF55BDD5}.Debug|Any CPU.ActiveCfg = Debug|Any CPU
		{8B7B93BE-1B47-41DE-810E-55EBBF55BDD5}.Debug|Any CPU.Build.0 = Debug|Any CPU
		{8B7B93BE-1B47-41DE-810E-55EBBF55BDD5}.Release|Any CPU.ActiveCfg = Release|Any CPU
		{8B7B93BE-1B47-41DE-810E-55EBBF55BDD5}.Release|Any CPU.Build.0 = Release|Any CPU
		{486A05C4-8AE6-4DC1-B0B3-7B0D2E4792D5}.Debug|Any CPU.ActiveCfg = Debug|Any CPU
		{486A05C4-8AE6-4DC1-B0B3-7B0D2E4792D5}.Debug|Any CPU.Build.0 = Debug|Any CPU
		{486A05C4-8AE6-4DC1-B0B3-7B0D2E4792D5}.Release|Any CPU.ActiveCfg = Release|Any CPU
		{486A05C4-8AE6-4DC1-B0B3-7B0D2E4792D5}.Release|Any CPU.Build.0 = Release|Any CPU
		{22EEE918-44DF-4B24-A6AD-204051D2B97F}.Debug|Any CPU.ActiveCfg = Debug|Any CPU
		{22EEE918-44DF-4B24-A6AD-204051D2B97F}.Debug|Any CPU.Build.0 = Debug|Any CPU
		{22EEE918-44DF-4B24-A6AD-204051D2B97F}.Release|Any CPU.ActiveCfg = Release|Any CPU
		{22EEE918-44DF-4B24-A6AD-204051D2B97F}.Release|Any CPU.Build.0 = Release|Any CPU
		{094037E8-3B14-45C0-B03C-A0C591B2F3AF}.Debug|Any CPU.ActiveCfg = Debug|x64
		{094037E8-3B14-45C0-B03C-A0C591B2F3AF}.Debug|Any CPU.Build.0 = Debug|x64
		{094037E8-3B14-45C0-B03C-A0C591B2F3AF}.Release|Any CPU.ActiveCfg = Release|x64
		{094037E8-3B14-45C0-B03C-A0C591B2F3AF}.Release|Any CPU.Build.0 = Release|x64
	EndGlobalSection
	GlobalSection(SolutionProperties) = preSolution
		HideSolutionNode = FALSE
	EndGlobalSection
	GlobalSection(ExtensibilityGlobals) = postSolution
		SolutionGuid = {7D5CD920-E23A-4E6C-8CD4-BE18F86A1F03}
	EndGlobalSection
EndGlobal
